
Microsoft Visual Studio Solution File, Format Version 12.00
# Visual Studio Version 16
VisualStudioVersion = 16.0.29430.225
MinimumVisualStudioVersion = 10.0.40219.1
Project("{FAE04EC0-301F-11D3-BF4B-00C04F79EFBC}") = "School.ConsoleClient", "School.ConsoleClient\School.ConsoleClient.csproj", "{581AEACD-A1AE-4687-8197-9C4BA5C6E01A}"
EndProject
Project("{FAE04EC0-301F-11D3-BF4B-00C04F79EFBC}") = "School.Entities", "School.Entities\School.Entities.csproj", "{6495F657-5214-4057-A5F7-0AA70DD7C491}"
EndProject
Project("{FAE04EC0-301F-11D3-BF4B-00C04F79EFBC}") = "School.Manager", "School.Manager\School.Manager.csproj", "{7FAB723D-4772-4B96-A66D-9A2B735B41A5}"
EndProject
Project("{FAE04EC0-301F-11D3-BF4B-00C04F79EFBC}") = "School.Repository", "School.Repository\School.Repository.csproj", "{91C99BA8-F86D-4BF6-98BB-3C23392F2104}"
EndProject
Project("{FAE04EC0-301F-11D3-BF4B-00C04F79EFBC}") = "School.Common", "School.Common\School.Common.csproj", "{F386E91C-2343-47D5-BB60-325D42CDBA5B}"
EndProject
Project("{00D1A9C2-B5F0-4AF3-8072-F6C62B433612}") = "DatabaseQueris", "Database1\DatabaseQueris.sqlproj", "{725CBCC1-95C7-4159-8630-5F5476B36016}"
EndProject
Project("{FAE04EC0-301F-11D3-BF4B-00C04F79EFBC}") = "HotelManagement.web", "HotelManagement.web\HotelManagement.web.csproj", "{39AB4A22-E0E1-407F-ADE6-DC069475E68D}"
EndProject
Global
	GlobalSection(SolutionConfigurationPlatforms) = preSolution
		Debug|Any CPU = Debug|Any CPU
		Release|Any CPU = Release|Any CPU
	EndGlobalSection
	GlobalSection(ProjectConfigurationPlatforms) = postSolution
		{581AEACD-A1AE-4687-8197-9C4BA5C6E01A}.Debug|Any CPU.ActiveCfg = Debug|Any CPU
		{581AEACD-A1AE-4687-8197-9C4BA5C6E01A}.Debug|Any CPU.Build.0 = Debug|Any CPU
		{581AEACD-A1AE-4687-8197-9C4BA5C6E01A}.Release|Any CPU.ActiveCfg = Release|Any CPU
		{581AEACD-A1AE-4687-8197-9C4BA5C6E01A}.Release|Any CPU.Build.0 = Release|Any CPU
		{6495F657-5214-4057-A5F7-0AA70DD7C491}.Debug|Any CPU.ActiveCfg = Debug|Any CPU
		{6495F657-5214-4057-A5F7-0AA70DD7C491}.Debug|Any CPU.Build.0 = Debug|Any CPU
		{6495F657-5214-4057-A5F7-0AA70DD7C491}.Release|Any CPU.ActiveCfg = Release|Any CPU
		{6495F657-5214-4057-A5F7-0AA70DD7C491}.Release|Any CPU.Build.0 = Release|Any CPU
		{7FAB723D-4772-4B96-A66D-9A2B735B41A5}.Debug|Any CPU.ActiveCfg = Debug|Any CPU
		{7FAB723D-4772-4B96-A66D-9A2B735B41A5}.Debug|Any CPU.Build.0 = Debug|Any CPU
		{7FAB723D-4772-4B96-A66D-9A2B735B41A5}.Release|Any CPU.ActiveCfg = Release|Any CPU
		{7FAB723D-4772-4B96-A66D-9A2B735B41A5}.Release|Any CPU.Build.0 = Release|Any CPU
		{91C99BA8-F86D-4BF6-98BB-3C23392F2104}.Debug|Any CPU.ActiveCfg = Debug|Any CPU
		{91C99BA8-F86D-4BF6-98BB-3C23392F2104}.Debug|Any CPU.Build.0 = Debug|Any CPU
		{91C99BA8-F86D-4BF6-98BB-3C23392F2104}.Release|Any CPU.ActiveCfg = Release|Any CPU
		{91C99BA8-F86D-4BF6-98BB-3C23392F2104}.Release|Any CPU.Build.0 = Release|Any CPU
		{F386E91C-2343-47D5-BB60-325D42CDBA5B}.Debug|Any CPU.ActiveCfg = Debug|Any CPU
		{F386E91C-2343-47D5-BB60-325D42CDBA5B}.Debug|Any CPU.Build.0 = Debug|Any CPU
		{F386E91C-2343-47D5-BB60-325D42CDBA5B}.Release|Any CPU.ActiveCfg = Release|Any CPU
		{F386E91C-2343-47D5-BB60-325D42CDBA5B}.Release|Any CPU.Build.0 = Release|Any CPU
		{725CBCC1-95C7-4159-8630-5F5476B36016}.Debug|Any CPU.ActiveCfg = Debug|Any CPU
		{725CBCC1-95C7-4159-8630-5F5476B36016}.Debug|Any CPU.Build.0 = Debug|Any CPU
		{725CBCC1-95C7-4159-8630-5F5476B36016}.Debug|Any CPU.Deploy.0 = Debug|Any CPU
		{725CBCC1-95C7-4159-8630-5F5476B36016}.Release|Any CPU.ActiveCfg = Release|Any CPU
		{725CBCC1-95C7-4159-8630-5F5476B36016}.Release|Any CPU.Build.0 = Release|Any CPU
		{725CBCC1-95C7-4159-8630-5F5476B36016}.Release|Any CPU.Deploy.0 = Release|Any CPU
		{39AB4A22-E0E1-407F-ADE6-DC069475E68D}.Debug|Any CPU.ActiveCfg = Debug|Any CPU
		{39AB4A22-E0E1-407F-ADE6-DC069475E68D}.Debug|Any CPU.Build.0 = Debug|Any CPU
		{39AB4A22-E0E1-407F-ADE6-DC069475E68D}.Release|Any CPU.ActiveCfg = Release|Any CPU
		{39AB4A22-E0E1-407F-ADE6-DC069475E68D}.Release|Any CPU.Build.0 = Release|Any CPU
	EndGlobalSection
	GlobalSection(SolutionProperties) = preSolution
		HideSolutionNode = FALSE
	EndGlobalSection
	GlobalSection(ExtensibilityGlobals) = postSolution
		EnterpriseLibraryConfigurationToolBinariesPathV6 = packages\EnterpriseLibrary.Common.6.0.1304.0\lib\NET45;packages\EnterpriseLibrary.Data.6.0.1304.0\lib\NET45
		EnterpriseLibraryConfigurationToolBinariesPath = packages\Unity.2.1.505.0\lib\NET35;packages\Unity.Interception.2.1.505.0\lib\NET35;packages\EnterpriseLibrary.Common.5.0.505.0\lib\NET35;packages\EnterpriseLibrary.Data.5.0.505.0\lib\NET35
		SolutionGuid = {1920F4CB-9238-4B5F-825B-8B58DB499B1A}
	EndGlobalSection
EndGlobal
